
Microsoft Visual Studio Solution File, Format Version 12.00
# Visual Studio Version 16
VisualStudioVersion = 16.0.31025.194
MinimumVisualStudioVersion = 10.0.40219.1
Project("{FAE04EC0-301F-11D3-BF4B-00C04F79EFBC}") = "SortingAlgorithms", "SortingAlgorithms\SortingAlgorithms.csproj", "{5E580E69-85D9-43EA-B39D-930144FCFA4C}"
EndProject
Global
	GlobalSection(SolutionConfigurationPlatforms) = preSolution
		Debug|Any CPU = Debug|Any CPU
		Release|Any CPU = Release|Any CPU
	EndGlobalSection
	GlobalSection(ProjectConfigurationPlatforms) = postSolution
		{5E580E69-85D9-43EA-B39D-930144FCFA4C}.Debug|Any CPU.ActiveCfg = Debug|Any CPU
		{5E580E69-85D9-43EA-B39D-930144FCFA4C}.Debug|Any CPU.Build.0 = Debug|Any CPU
		{5E580E69-85D9-43EA-B39D-930144FCFA4C}.Release|Any CPU.ActiveCfg = Release|Any CPU
		{5E580E69-85D9-43EA-B39D-930144FCFA4C}.Release|Any CPU.Build.0 = Release|Any CPU
	EndGlobalSection
	GlobalSection(SolutionProperties) = preSolution
		HideSolutionNode = FALSE
	EndGlobalSection
	GlobalSection(ExtensibilityGlobals) = postSolution
		SolutionGuid = {F9F5C7DE-1858-4265-8FD8-2E2254CB4FAE}
	EndGlobalSection
EndGlobal
